
Microsoft Visual Studio Solution File, Format Version 12.00
# Visual Studio 15
VisualStudioVersion = 15.0.28307.136
MinimumVisualStudioVersion = 10.0.40219.1
Project("{FAE04EC0-301F-11D3-BF4B-00C04F79EFBC}") = "AbstractFactory", "AbstractFactory\AbstractFactory.csproj", "{40579597-5E93-49AC-B843-235A0DBA6ABB}"
EndProject
Global
	GlobalSection(SolutionConfigurationPlatforms) = preSolution
		Debug|Any CPU = Debug|Any CPU
		Release|Any CPU = Release|Any CPU
	EndGlobalSection
	GlobalSection(ProjectConfigurationPlatforms) = postSolution
		{40579597-5E93-49AC-B843-235A0DBA6ABB}.Debug|Any CPU.ActiveCfg = Debug|Any CPU
		{40579597-5E93-49AC-B843-235A0DBA6ABB}.Debug|Any CPU.Build.0 = Debug|Any CPU
		{40579597-5E93-49AC-B843-235A0DBA6ABB}.Release|Any CPU.ActiveCfg = Release|Any CPU
		{40579597-5E93-49AC-B843-235A0DBA6ABB}.Release|Any CPU.Build.0 = Release|Any CPU
	EndGlobalSection
	GlobalSection(SolutionProperties) = preSolution
		HideSolutionNode = FALSE
	EndGlobalSection
	GlobalSection(ExtensibilityGlobals) = postSolution
		SolutionGuid = {D69640A6-40D9-4701-BB89-5AA3D4B8DAF7}
	EndGlobalSection
EndGlobal
